
Microsoft Visual Studio Solution File, Format Version 12.00
# Visual Studio Version 16
VisualStudioVersion = 16.0.30413.136
MinimumVisualStudioVersion = 10.0.40219.1
Project("{FAE04EC0-301F-11D3-BF4B-00C04F79EFBC}") = "EntityFramework", "EntityFramework\EntityFramework.csproj", "{644D3F29-CF6D-470A-AA45-CBD3ADB42ACA}"
EndProject
Project("{FAE04EC0-301F-11D3-BF4B-00C04F79EFBC}") = "BookLibrary", "BookLibrary\BookLibrary.csproj", "{E669543E-2FFD-42D8-A63D-6D364D0EB1C8}"
EndProject
Global
	GlobalSection(SolutionConfigurationPlatforms) = preSolution
		Debug|Any CPU = Debug|Any CPU
		Release|Any CPU = Release|Any CPU
	EndGlobalSection
	GlobalSection(ProjectConfigurationPlatforms) = postSolution
		{644D3F29-CF6D-470A-AA45-CBD3ADB42ACA}.Debug|Any CPU.ActiveCfg = Debug|Any CPU
		{644D3F29-CF6D-470A-AA45-CBD3ADB42ACA}.Debug|Any CPU.Build.0 = Debug|Any CPU
		{644D3F29-CF6D-470A-AA45-CBD3ADB42ACA}.Release|Any CPU.ActiveCfg = Release|Any CPU
		{644D3F29-CF6D-470A-AA45-CBD3ADB42ACA}.Release|Any CPU.Build.0 = Release|Any CPU
		{E669543E-2FFD-42D8-A63D-6D364D0EB1C8}.Debug|Any CPU.ActiveCfg = Debug|Any CPU
		{E669543E-2FFD-42D8-A63D-6D364D0EB1C8}.Debug|Any CPU.Build.0 = Debug|Any CPU
		{E669543E-2FFD-42D8-A63D-6D364D0EB1C8}.Release|Any CPU.ActiveCfg = Release|Any CPU
		{E669543E-2FFD-42D8-A63D-6D364D0EB1C8}.Release|Any CPU.Build.0 = Release|Any CPU
	EndGlobalSection
	GlobalSection(SolutionProperties) = preSolution
		HideSolutionNode = FALSE
	EndGlobalSection
	GlobalSection(ExtensibilityGlobals) = postSolution
		SolutionGuid = {B437B2DF-6058-4B70-A4CD-160F62A1DFFE}
	EndGlobalSection
EndGlobal
